
Microsoft Visual Studio Solution File, Format Version 12.00
# Visual Studio 2013
VisualStudioVersion = 12.0.31101.0
MinimumVisualStudioVersion = 10.0.40219.1
Project("{F2A71F9B-5D33-465A-A702-920D77279786}") = "les-chiffres-de-gepetto", "les-chiffres-de-gepetto\les-chiffres-de-gepetto.fsproj", "{7CF2863C-DD10-4AF5-9B0D-DA55F00281BD}"
EndProject
Global
	GlobalSection(SolutionConfigurationPlatforms) = preSolution
		Debug|Any CPU = Debug|Any CPU
		Release|Any CPU = Release|Any CPU
	EndGlobalSection
	GlobalSection(ProjectConfigurationPlatforms) = postSolution
		{7CF2863C-DD10-4AF5-9B0D-DA55F00281BD}.Debug|Any CPU.ActiveCfg = Debug|Any CPU
		{7CF2863C-DD10-4AF5-9B0D-DA55F00281BD}.Debug|Any CPU.Build.0 = Debug|Any CPU
		{7CF2863C-DD10-4AF5-9B0D-DA55F00281BD}.Release|Any CPU.ActiveCfg = Release|Any CPU
		{7CF2863C-DD10-4AF5-9B0D-DA55F00281BD}.Release|Any CPU.Build.0 = Release|Any CPU
	EndGlobalSection
	GlobalSection(SolutionProperties) = preSolution
		HideSolutionNode = FALSE
	EndGlobalSection
EndGlobal
